
Microsoft Visual Studio Solution File, Format Version 12.00
# Visual Studio Version 16
VisualStudioVersion = 16.0.29319.158
MinimumVisualStudioVersion = 10.0.40219.1
Project("{8BC9CEB8-8B4A-11D0-8D11-00A0C91BC942}") = "L052", "L052\L052.vcxproj", "{B3096E0B-93E4-42CC-9176-83C1C6CD0CBA}"
EndProject
Global
	GlobalSection(SolutionConfigurationPlatforms) = preSolution
		Debug|x64 = Debug|x64
		Debug|x86 = Debug|x86
		Release|x64 = Release|x64
		Release|x86 = Release|x86
	EndGlobalSection
	GlobalSection(ProjectConfigurationPlatforms) = postSolution
		{B3096E0B-93E4-42CC-9176-83C1C6CD0CBA}.Debug|x64.ActiveCfg = Debug|x64
		{B3096E0B-93E4-42CC-9176-83C1C6CD0CBA}.Debug|x64.Build.0 = Debug|x64
		{B3096E0B-93E4-42CC-9176-83C1C6CD0CBA}.Debug|x86.ActiveCfg = Debug|Win32
		{B3096E0B-93E4-42CC-9176-83C1C6CD0CBA}.Debug|x86.Build.0 = Debug|Win32
		{B3096E0B-93E4-42CC-9176-83C1C6CD0CBA}.Release|x64.ActiveCfg = Release|x64
		{B3096E0B-93E4-42CC-9176-83C1C6CD0CBA}.Release|x64.Build.0 = Release|x64
		{B3096E0B-93E4-42CC-9176-83C1C6CD0CBA}.Release|x86.ActiveCfg = Release|Win32
		{B3096E0B-93E4-42CC-9176-83C1C6CD0CBA}.Release|x86.Build.0 = Release|Win32
	EndGlobalSection
	GlobalSection(SolutionProperties) = preSolution
		HideSolutionNode = FALSE
	EndGlobalSection
	GlobalSection(ExtensibilityGlobals) = postSolution
		SolutionGuid = {CEB7AAC6-C700-4F83-A5EA-9BEF94C0F5A8}
	EndGlobalSection
EndGlobal
