
Microsoft Visual Studio Solution File, Format Version 12.00
# Visual Studio Version 16
VisualStudioVersion = 16.0.29319.158
MinimumVisualStudioVersion = 10.0.40219.1
Project("{8BC9CEB8-8B4A-11D0-8D11-00A0C91BC942}") = "L032", "L032\L032.vcxproj", "{8883C4D2-7D2D-4C42-99E2-9B7451072622}"
EndProject
Global
	GlobalSection(SolutionConfigurationPlatforms) = preSolution
		Debug|x64 = Debug|x64
		Debug|x86 = Debug|x86
		Release|x64 = Release|x64
		Release|x86 = Release|x86
	EndGlobalSection
	GlobalSection(ProjectConfigurationPlatforms) = postSolution
		{8883C4D2-7D2D-4C42-99E2-9B7451072622}.Debug|x64.ActiveCfg = Debug|x64
		{8883C4D2-7D2D-4C42-99E2-9B7451072622}.Debug|x64.Build.0 = Debug|x64
		{8883C4D2-7D2D-4C42-99E2-9B7451072622}.Debug|x86.ActiveCfg = Debug|Win32
		{8883C4D2-7D2D-4C42-99E2-9B7451072622}.Debug|x86.Build.0 = Debug|Win32
		{8883C4D2-7D2D-4C42-99E2-9B7451072622}.Release|x64.ActiveCfg = Release|x64
		{8883C4D2-7D2D-4C42-99E2-9B7451072622}.Release|x64.Build.0 = Release|x64
		{8883C4D2-7D2D-4C42-99E2-9B7451072622}.Release|x86.ActiveCfg = Release|Win32
		{8883C4D2-7D2D-4C42-99E2-9B7451072622}.Release|x86.Build.0 = Release|Win32
	EndGlobalSection
	GlobalSection(SolutionProperties) = preSolution
		HideSolutionNode = FALSE
	EndGlobalSection
	GlobalSection(ExtensibilityGlobals) = postSolution
		SolutionGuid = {6A70DDA8-F73F-49F5-9A9F-F5533B9F841D}
	EndGlobalSection
EndGlobal
