
Microsoft Visual Studio Solution File, Format Version 12.00
# Visual Studio Version 16
VisualStudioVersion = 16.0.29319.158
MinimumVisualStudioVersion = 10.0.40219.1
Project("{8BC9CEB8-8B4A-11D0-8D11-00A0C91BC942}") = "L022", "L022\L022.vcxproj", "{6AC57E36-6E6B-4ADD-BCC6-6E0F5B654AE0}"
EndProject
Global
	GlobalSection(SolutionConfigurationPlatforms) = preSolution
		Debug|x64 = Debug|x64
		Debug|x86 = Debug|x86
		Release|x64 = Release|x64
		Release|x86 = Release|x86
	EndGlobalSection
	GlobalSection(ProjectConfigurationPlatforms) = postSolution
		{6AC57E36-6E6B-4ADD-BCC6-6E0F5B654AE0}.Debug|x64.ActiveCfg = Debug|x64
		{6AC57E36-6E6B-4ADD-BCC6-6E0F5B654AE0}.Debug|x64.Build.0 = Debug|x64
		{6AC57E36-6E6B-4ADD-BCC6-6E0F5B654AE0}.Debug|x86.ActiveCfg = Debug|Win32
		{6AC57E36-6E6B-4ADD-BCC6-6E0F5B654AE0}.Debug|x86.Build.0 = Debug|Win32
		{6AC57E36-6E6B-4ADD-BCC6-6E0F5B654AE0}.Release|x64.ActiveCfg = Release|x64
		{6AC57E36-6E6B-4ADD-BCC6-6E0F5B654AE0}.Release|x64.Build.0 = Release|x64
		{6AC57E36-6E6B-4ADD-BCC6-6E0F5B654AE0}.Release|x86.ActiveCfg = Release|Win32
		{6AC57E36-6E6B-4ADD-BCC6-6E0F5B654AE0}.Release|x86.Build.0 = Release|Win32
	EndGlobalSection
	GlobalSection(SolutionProperties) = preSolution
		HideSolutionNode = FALSE
	EndGlobalSection
	GlobalSection(ExtensibilityGlobals) = postSolution
		SolutionGuid = {69E39E2D-3150-45FA-8BF6-B44F3898A273}
	EndGlobalSection
EndGlobal
