
Microsoft Visual Studio Solution File, Format Version 12.00
# Visual Studio Version 16
VisualStudioVersion = 16.0.29319.158
MinimumVisualStudioVersion = 10.0.40219.1
Project("{8BC9CEB8-8B4A-11D0-8D11-00A0C91BC942}") = "L048", "L048\L048.vcxproj", "{CE60EF27-FB95-4C53-8B1A-E5B7D51BEEC9}"
EndProject
Global
	GlobalSection(SolutionConfigurationPlatforms) = preSolution
		Debug|x64 = Debug|x64
		Debug|x86 = Debug|x86
		Release|x64 = Release|x64
		Release|x86 = Release|x86
	EndGlobalSection
	GlobalSection(ProjectConfigurationPlatforms) = postSolution
		{CE60EF27-FB95-4C53-8B1A-E5B7D51BEEC9}.Debug|x64.ActiveCfg = Debug|x64
		{CE60EF27-FB95-4C53-8B1A-E5B7D51BEEC9}.Debug|x64.Build.0 = Debug|x64
		{CE60EF27-FB95-4C53-8B1A-E5B7D51BEEC9}.Debug|x86.ActiveCfg = Debug|Win32
		{CE60EF27-FB95-4C53-8B1A-E5B7D51BEEC9}.Debug|x86.Build.0 = Debug|Win32
		{CE60EF27-FB95-4C53-8B1A-E5B7D51BEEC9}.Release|x64.ActiveCfg = Release|x64
		{CE60EF27-FB95-4C53-8B1A-E5B7D51BEEC9}.Release|x64.Build.0 = Release|x64
		{CE60EF27-FB95-4C53-8B1A-E5B7D51BEEC9}.Release|x86.ActiveCfg = Release|Win32
		{CE60EF27-FB95-4C53-8B1A-E5B7D51BEEC9}.Release|x86.Build.0 = Release|Win32
	EndGlobalSection
	GlobalSection(SolutionProperties) = preSolution
		HideSolutionNode = FALSE
	EndGlobalSection
	GlobalSection(ExtensibilityGlobals) = postSolution
		SolutionGuid = {45AE68AE-22F8-4419-AC54-17727AACD3F2}
	EndGlobalSection
EndGlobal
